
Microsoft Visual Studio Solution File, Format Version 12.00
# Visual Studio Version 16
VisualStudioVersion = 16.0.31424.327
MinimumVisualStudioVersion = 10.0.40219.1
Project("{FAE04EC0-301F-11D3-BF4B-00C04F79EFBC}") = "AppBasicoMvc", "AppBasicoMvc.csproj", "{92875AE8-845D-422A-9C81-BACCB4274DCA}"
EndProject
Global
	GlobalSection(SolutionConfigurationPlatforms) = preSolution
		Debug|Any CPU = Debug|Any CPU
		Release|Any CPU = Release|Any CPU
	EndGlobalSection
	GlobalSection(ProjectConfigurationPlatforms) = postSolution
		{92875AE8-845D-422A-9C81-BACCB4274DCA}.Debug|Any CPU.ActiveCfg = Debug|Any CPU
		{92875AE8-845D-422A-9C81-BACCB4274DCA}.Debug|Any CPU.Build.0 = Debug|Any CPU
		{92875AE8-845D-422A-9C81-BACCB4274DCA}.Release|Any CPU.ActiveCfg = Release|Any CPU
		{92875AE8-845D-422A-9C81-BACCB4274DCA}.Release|Any CPU.Build.0 = Release|Any CPU
	EndGlobalSection
	GlobalSection(SolutionProperties) = preSolution
		HideSolutionNode = FALSE
	EndGlobalSection
	GlobalSection(ExtensibilityGlobals) = postSolution
		SolutionGuid = {79C17DD2-1396-4783-B756-5E59D02C8BAD}
	EndGlobalSection
EndGlobal
